
Microsoft Visual Studio Solution File, Format Version 12.00
# Visual Studio Version 17
VisualStudioVersion = 17.9.34622.214
MinimumVisualStudioVersion = 10.0.40219.1
Project("{FAE04EC0-301F-11D3-BF4B-00C04F79EFBC}") = "MotorDrivingSchool", "MotorDrivingSchool\MotorDrivingSchool.csproj", "{23E076A9-2391-45EF-9E27-79EE7B3628F5}"
EndProject
Project("{FAE04EC0-301F-11D3-BF4B-00C04F79EFBC}") = "BusinessAccessLayer", "BusinessAccessLayer\BusinessAccessLayer.csproj", "{0B95F766-69F8-411C-B689-205FB93F4DB4}"
EndProject
Project("{FAE04EC0-301F-11D3-BF4B-00C04F79EFBC}") = "DataAccessLayer", "DataAccessLayer\DataAccessLayer.csproj", "{BA710F81-3ED2-4DA8-ADF3-52C844061090}"
EndProject
Global
	GlobalSection(SolutionConfigurationPlatforms) = preSolution
		Debug|Any CPU = Debug|Any CPU
		Release|Any CPU = Release|Any CPU
	EndGlobalSection
	GlobalSection(ProjectConfigurationPlatforms) = postSolution
		{23E076A9-2391-45EF-9E27-79EE7B3628F5}.Debug|Any CPU.ActiveCfg = Debug|Any CPU
		{23E076A9-2391-45EF-9E27-79EE7B3628F5}.Debug|Any CPU.Build.0 = Debug|Any CPU
		{23E076A9-2391-45EF-9E27-79EE7B3628F5}.Release|Any CPU.ActiveCfg = Release|Any CPU
		{23E076A9-2391-45EF-9E27-79EE7B3628F5}.Release|Any CPU.Build.0 = Release|Any CPU
		{0B95F766-69F8-411C-B689-205FB93F4DB4}.Debug|Any CPU.ActiveCfg = Debug|Any CPU
		{0B95F766-69F8-411C-B689-205FB93F4DB4}.Debug|Any CPU.Build.0 = Debug|Any CPU
		{0B95F766-69F8-411C-B689-205FB93F4DB4}.Release|Any CPU.ActiveCfg = Release|Any CPU
		{0B95F766-69F8-411C-B689-205FB93F4DB4}.Release|Any CPU.Build.0 = Release|Any CPU
		{BA710F81-3ED2-4DA8-ADF3-52C844061090}.Debug|Any CPU.ActiveCfg = Debug|Any CPU
		{BA710F81-3ED2-4DA8-ADF3-52C844061090}.Debug|Any CPU.Build.0 = Debug|Any CPU
		{BA710F81-3ED2-4DA8-ADF3-52C844061090}.Release|Any CPU.ActiveCfg = Release|Any CPU
		{BA710F81-3ED2-4DA8-ADF3-52C844061090}.Release|Any CPU.Build.0 = Release|Any CPU
	EndGlobalSection
	GlobalSection(SolutionProperties) = preSolution
		HideSolutionNode = FALSE
	EndGlobalSection
	GlobalSection(ExtensibilityGlobals) = postSolution
		SolutionGuid = {8F00E181-3E8E-4BC3-B651-97166914970E}
	EndGlobalSection
EndGlobal
